Microsoft Visual Studio Solution File, Format Version 11.00
# Visual Studio 2008

Project("{2615D073-F104-198F-BE71-B16CDED7119F}") = "ZombieRunner", "Assembly-CSharp-firstpass.csproj", "{A461D007-798B-A71E-4838-81CBA9DDB1FB}"
EndProject
Project("{2615D073-F104-198F-BE71-B16CDED7119F}") = "ZombieRunner", "Assembly-CSharp.csproj", "{952AAFA1-DE2C-6DAA-31A0-45ACA4902A35}"
EndProject
Project("{2615D073-F104-198F-BE71-B16CDED7119F}") = "ZombieRunner", "Assembly-CSharp-Editor.csproj", "{7F29220B-C36B-47DD-C9F8-2EB34C781529}"
EndProject
Global
	GlobalSection(SolutionConfigurationPlatforms) = preSolution
		Debug|Any CPU = Debug|Any CPU
		Release|Any CPU = Release|Any CPU
	EndGlobalSection
	GlobalSection(ProjectConfigurationPlatforms) = postSolution
		{A461D007-798B-A71E-4838-81CBA9DDB1FB}.Debug|Any CPU.ActiveCfg = Debug|Any CPU
		{A461D007-798B-A71E-4838-81CBA9DDB1FB}.Debug|Any CPU.Build.0 = Debug|Any CPU
		{A461D007-798B-A71E-4838-81CBA9DDB1FB}.Release|Any CPU.ActiveCfg = Release|Any CPU
		{A461D007-798B-A71E-4838-81CBA9DDB1FB}.Release|Any CPU.Build.0 = Release|Any CPU
		{952AAFA1-DE2C-6DAA-31A0-45ACA4902A35}.Debug|Any CPU.ActiveCfg = Debug|Any CPU
		{952AAFA1-DE2C-6DAA-31A0-45ACA4902A35}.Debug|Any CPU.Build.0 = Debug|Any CPU
		{952AAFA1-DE2C-6DAA-31A0-45ACA4902A35}.Release|Any CPU.ActiveCfg = Release|Any CPU
		{952AAFA1-DE2C-6DAA-31A0-45ACA4902A35}.Release|Any CPU.Build.0 = Release|Any CPU
		{7F29220B-C36B-47DD-C9F8-2EB34C781529}.Debug|Any CPU.ActiveCfg = Debug|Any CPU
		{7F29220B-C36B-47DD-C9F8-2EB34C781529}.Debug|Any CPU.Build.0 = Debug|Any CPU
		{7F29220B-C36B-47DD-C9F8-2EB34C781529}.Release|Any CPU.ActiveCfg = Release|Any CPU
		{7F29220B-C36B-47DD-C9F8-2EB34C781529}.Release|Any CPU.Build.0 = Release|Any CPU
	EndGlobalSection
	GlobalSection(SolutionProperties) = preSolution
		HideSolutionNode = FALSE
	EndGlobalSection
	
EndGlobal
